// !$*UTF8*$!
{
	archiveVersion = 1;
	classes = {
	};
	objectVersion = 46;
	objects = {

/* Begin PBXBuildFile section */
		32822353199683C30052C517 /* Global.m in Sources */ = {isa = PBXBuildFile; fileRef = 32822352199683C30052C517 /* Global.m */; };
		3282235919969A260052C517 /* GalleryViewController.m in Sources */ = {isa = PBXBuildFile; fileRef = 3282235819969A260052C517 /* GalleryViewController.m */; };
		3282235C1996A97D0052C517 /* PhotoViewCell.m in Sources */ = {isa = PBXBuildFile; fileRef = 3282235B1996A97D0052C517 /* PhotoViewCell.m */; };
		32A873FD1996737400764F76 /* LoginViewController.m in Sources */ = {isa = PBXBuildFile; fileRef = 32A873FC1996737400764F76 /* LoginViewController.m */; };
		32B32627199459D700121A50 /* main.m in Sources */ = {isa = PBXBuildFile; fileRef = 32B32626199459D700121A50 /* main.m */; };
		32B3262A199459D700121A50 /* AppDelegate.m in Sources */ = {isa = PBXBuildFile; fileRef = 32B32629199459D700121A50 /* AppDelegate.m */; };
		32B3262D199459D700121A50 /* ViewController.m in Sources */ = {isa = PBXBuildFile; fileRef = 32B3262C199459D700121A50 /* ViewController.m */; };
		32B32630199459D700121A50 /* Main.storyboard in Resources */ = {isa = PBXBuildFile; fileRef = 32B3262E199459D700121A50 /* Main.storyboard */; };
		32B32632199459D700121A50 /* Images.xcassets in Resources */ = {isa = PBXBuildFile; fileRef = 32B32631199459D700121A50 /* Images.xcassets */; };
		32B3263E199459D700121A50 /* InstaMeTests.m in Sources */ = {isa = PBXBuildFile; fileRef = 32B3263D199459D700121A50 /* InstaMeTests.m */; };
		32CE90E819972237006EBEF2 /* icon_settings.png in Resources */ = {isa = PBXBuildFile; fileRef = 32CE90E719972237006EBEF2 /* icon_settings.png */; };
		32CE90EA1997250F006EBEF2 /* icon_settings_selected.png in Resources */ = {isa = PBXBuildFile; fileRef = 32CE90E91997250F006EBEF2 /* icon_settings_selected.png */; };
		32CE90ED19972B4D006EBEF2 /* SettingsViewController.m in Sources */ = {isa = PBXBuildFile; fileRef = 32CE90EC19972B4D006EBEF2 /* SettingsViewController.m */; };
		32CE90F3199758A3006EBEF2 /* NavigationController.m in Sources */ = {isa = PBXBuildFile; fileRef = 32CE90F2199758A3006EBEF2 /* NavigationController.m */; };
		32CE90F619975C7B006EBEF2 /* PhotoViewController.m in Sources */ = {isa = PBXBuildFile; fileRef = 32CE90F519975C7B006EBEF2 /* PhotoViewController.m */; };
		32CE90FC199793A7006EBEF2 /* ChangeColumnsViewController.m in Sources */ = {isa = PBXBuildFile; fileRef = 32CE90FB199793A7006EBEF2 /* ChangeColumnsViewController.m */; };
		32DE694F19963272005445DA /* InstagramKit.plist in Resources */ = {isa = PBXBuildFile; fileRef = 32DE694E19963272005445DA /* InstagramKit.plist */; };
		8B8405F4AD27424DB6E3DB3B /* libPods.a in Frameworks */ = {isa = PBXBuildFile; fileRef = 0703BD23A0E04DF19524BA10 /* libPods.a */; };
/* End PBXBuildFile section */

/* Begin PBXContainerItemProxy section */
		32B32638199459D700121A50 /* PBXContainerItemProxy */ = {
			isa = PBXContainerItemProxy;
			containerPortal = 32B32619199459D600121A50 /* Project object */;
			proxyType = 1;
			remoteGlobalIDString = 32B32620199459D600121A50;
			remoteInfo = InstaMe;
		};
/* End PBXContainerItemProxy section */

/* Begin PBXFileReference section */
		0703BD23A0E04DF19524BA10 /* libPods.a */ = {isa = PBXFileReference; explicitFileType = archive.ar; includeInIndex = 0; path = libPods.a; sourceTree = BUILT_PRODUCTS_DIR; };
		32822351199683C30052C517 /* Global.h */ = {isa = PBXFileReference; fileEncoding = 4; lastKnownFileType = sourcecode.c.h; path = Global.h; sourceTree = "<group>"; };
		32822352199683C30052C517 /* Global.m */ = {isa = PBXFileReference; fileEncoding = 4; lastKnownFileType = sourcecode.c.objc; path = Global.m; sourceTree = "<group>"; };
		3282235719969A260052C517 /* GalleryViewController.h */ = {isa = PBXFileReference; fileEncoding = 4; lastKnownFileType = sourcecode.c.h; path = GalleryViewController.h; sourceTree = "<group>"; };
		3282235819969A260052C517 /* GalleryViewController.m */ = {isa = PBXFileReference; fileEncoding = 4; lastKnownFileType = sourcecode.c.objc; path = GalleryViewController.m; sourceTree = "<group>"; };
		3282235A1996A97D0052C517 /* PhotoViewCell.h */ = {isa = PBXFileReference; fileEncoding = 4; lastKnownFileType = sourcecode.c.h; path = PhotoViewCell.h; sourceTree = "<group>"; };
		3282235B1996A97D0052C517 /* PhotoViewCell.m */ = {isa = PBXFileReference; fileEncoding = 4; lastKnownFileType = sourcecode.c.objc; path = PhotoViewCell.m; sourceTree = "<group>"; };
		32A873FB1996737400764F76 /* LoginViewController.h */ = {isa = PBXFileReference; fileEncoding = 4; lastKnownFileType = sourcecode.c.h; path = LoginViewController.h; sourceTree = "<group>"; };
		32A873FC1996737400764F76 /* LoginViewController.m */ = {isa = PBXFileReference; fileEncoding = 4; lastKnownFileType = sourcecode.c.objc; path = LoginViewController.m; sourceTree = "<group>"; };
		32B32621199459D600121A50 /* InstaMe.app */ = {isa = PBXFileReference; explicitFileType = wrapper.application; includeInIndex = 0; path = InstaMe.app; sourceTree = BUILT_PRODUCTS_DIR; };
		32B32625199459D700121A50 /* Info.plist */ = {isa = PBXFileReference; lastKnownFileType = text.plist.xml; path = Info.plist; sourceTree = "<group>"; };
		32B32626199459D700121A50 /* main.m */ = {isa = PBXFileReference; lastKnownFileType = sourcecode.c.objc; path = main.m; sourceTree = "<group>"; };
		32B32628199459D700121A50 /* AppDelegate.h */ = {isa = PBXFileReference; lastKnownFileType = sourcecode.c.h; path = AppDelegate.h; sourceTree = "<group>"; };
		32B32629199459D700121A50 /* AppDelegate.m */ = {isa = PBXFileReference; lastKnownFileType = sourcecode.c.objc; path = AppDelegate.m; sourceTree = "<group>"; };
		32B3262B199459D700121A50 /* ViewController.h */ = {isa = PBXFileReference; lastKnownFileType = sourcecode.c.h; path = ViewController.h; sourceTree = "<group>"; };
		32B3262C199459D700121A50 /* ViewController.m */ = {isa = PBXFileReference; lastKnownFileType = sourcecode.c.objc; path = ViewController.m; sourceTree = "<group>"; };
		32B3262F199459D700121A50 /* Base */ = {isa = PBXFileReference; lastKnownFileType = file.storyboard; name = Base; path = Base.lproj/Main.storyboard; sourceTree = "<group>"; };
		32B32631199459D700121A50 /* Images.xcassets */ = {isa = PBXFileReference; lastKnownFileType = folder.assetcatalog; path = Images.xcassets; sourceTree = "<group>"; };
		32B32637199459D700121A50 /* InstaMeTests.xctest */ = {isa = PBXFileReference; explicitFileType = wrapper.cfbundle; includeInIndex = 0; path = InstaMeTests.xctest; sourceTree = BUILT_PRODUCTS_DIR; };
		32B3263C199459D700121A50 /* Info.plist */ = {isa = PBXFileReference; lastKnownFileType = text.plist.xml; path = Info.plist; sourceTree = "<group>"; };
		32B3263D199459D700121A50 /* InstaMeTests.m */ = {isa = PBXFileReference; lastKnownFileType = sourcecode.c.objc; path = InstaMeTests.m; sourceTree = "<group>"; };
		32CE90E719972237006EBEF2 /* icon_settings.png */ = {isa = PBXFileReference; lastKnownFileType = image.png; path = icon_settings.png; sourceTree = "<group>"; };
		32CE90E91997250F006EBEF2 /* icon_settings_selected.png */ = {isa = PBXFileReference; lastKnownFileType = image.png; path = icon_settings_selected.png; sourceTree = "<group>"; };
		32CE90EB19972B4D006EBEF2 /* SettingsViewController.h */ = {isa = PBXFileReference; fileEncoding = 4; lastKnownFileType = sourcecode.c.h; path = SettingsViewController.h; sourceTree = "<group>"; };
		32CE90EC19972B4D006EBEF2 /* SettingsViewController.m */ = {isa = PBXFileReference; fileEncoding = 4; lastKnownFileType = sourcecode.c.objc; path = SettingsViewController.m; sourceTree = "<group>"; };
		32CE90F1199758A3006EBEF2 /* NavigationController.h */ = {isa = PBXFileReference; fileEncoding = 4; lastKnownFileType = sourcecode.c.h; path = NavigationController.h; sourceTree = "<group>"; };
		32CE90F2199758A3006EBEF2 /* NavigationController.m */ = {isa = PBXFileReference; fileEncoding = 4; lastKnownFileType = sourcecode.c.objc; path = NavigationController.m; sourceTree = "<group>"; };
		32CE90F419975C7B006EBEF2 /* PhotoViewController.h */ = {isa = PBXFileReference; fileEncoding = 4; lastKnownFileType = sourcecode.c.h; path = PhotoViewController.h; sourceTree = "<group>"; };
		32CE90F519975C7B006EBEF2 /* PhotoViewController.m */ = {isa = PBXFileReference; fileEncoding = 4; lastKnownFileType = sourcecode.c.objc; path = PhotoViewController.m; sourceTree = "<group>"; };
		32CE90FA199793A7006EBEF2 /* ChangeColumnsViewController.h */ = {isa = PBXFileReference; fileEncoding = 4; lastKnownFileType = sourcecode.c.h; path = ChangeColumnsViewController.h; sourceTree = "<group>"; };
		32CE90FB199793A7006EBEF2 /* ChangeColumnsViewController.m */ = {isa = PBXFileReference; fileEncoding = 4; lastKnownFileType = sourcecode.c.objc; path = ChangeColumnsViewController.m; sourceTree = "<group>"; };
		32DE694E19963272005445DA /* InstagramKit.plist */ = {isa = PBXFileReference; fileEncoding = 4; lastKnownFileType = text.plist.xml; path = InstagramKit.plist; sourceTree = "<group>"; };
		E7DA7A9E3DA04C75AC707E8B /* Pods.xcconfig */ = {isa = PBXFileReference; includeInIndex = 1; lastKnownFileType = text.xcconfig; name = Pods.xcconfig; path = Pods/Pods.xcconfig; sourceTree = "<group>"; };
/* End PBXFileReference section */

/* Begin PBXFrameworksBuildPhase section */
		32B3261E199459D600121A50 /* Frameworks */ = {
			isa = PBXFrameworksBuildPhase;
			buildActionMask = 2147483647;
			files = (
				8B8405F4AD27424DB6E3DB3B /* libPods.a in Frameworks */,
			);
			runOnlyForDeploymentPostprocessing = 0;
		};
		32B32634199459D700121A50 /* Frameworks */ = {
			isa = PBXFrameworksBuildPhase;
			buildActionMask = 2147483647;
			files = (
			);
			runOnlyForDeploymentPostprocessing = 0;
		};
/* End PBXFrameworksBuildPhase section */

/* Begin PBXGroup section */
		32B32618199459D600121A50 = {
			isa = PBXGroup;
			children = (
				32B32623199459D600121A50 /* InstaMe */,
				32B3263A199459D700121A50 /* InstaMeTests */,
				32B32622199459D600121A50 /* Products */,
				E7DA7A9E3DA04C75AC707E8B /* Pods.xcconfig */,
				718A562ECA2F439A8B42CAE3 /* Frameworks */,
			);
			sourceTree = "<group>";
		};
		32B32622199459D600121A50 /* Products */ = {
			isa = PBXGroup;
			children = (
				32B32621199459D600121A50 /* InstaMe.app */,
				32B32637199459D700121A50 /* InstaMeTests.xctest */,
			);
			name = Products;
			sourceTree = "<group>";
		};
		32B32623199459D600121A50 /* InstaMe */ = {
			isa = PBXGroup;
			children = (
				32CE90E619972237006EBEF2 /* assets */,
				32B32628199459D700121A50 /* AppDelegate.h */,
				32B32629199459D700121A50 /* AppDelegate.m */,
				32822351199683C30052C517 /* Global.h */,
				32822352199683C30052C517 /* Global.m */,
				32B3262B199459D700121A50 /* ViewController.h */,
				32B3262C199459D700121A50 /* ViewController.m */,
				32CE90F1199758A3006EBEF2 /* NavigationController.h */,
				32CE90F2199758A3006EBEF2 /* NavigationController.m */,
				32A873FB1996737400764F76 /* LoginViewController.h */,
				32A873FC1996737400764F76 /* LoginViewController.m */,
				3282235719969A260052C517 /* GalleryViewController.h */,
				3282235819969A260052C517 /* GalleryViewController.m */,
				3282235A1996A97D0052C517 /* PhotoViewCell.h */,
				3282235B1996A97D0052C517 /* PhotoViewCell.m */,
				32CE90F419975C7B006EBEF2 /* PhotoViewController.h */,
				32CE90F519975C7B006EBEF2 /* PhotoViewController.m */,
				32CE90EB19972B4D006EBEF2 /* SettingsViewController.h */,
				32CE90EC19972B4D006EBEF2 /* SettingsViewController.m */,
				32CE90FA199793A7006EBEF2 /* ChangeColumnsViewController.h */,
				32CE90FB199793A7006EBEF2 /* ChangeColumnsViewController.m */,
				32B3262E199459D700121A50 /* Main.storyboard */,
				32B32631199459D700121A50 /* Images.xcassets */,
				32B32624199459D700121A50 /* Supporting Files */,
			);
			path = InstaMe;
			sourceTree = "<group>";
		};
		32B32624199459D700121A50 /* Supporting Files */ = {
			isa = PBXGroup;
			children = (
				32B32625199459D700121A50 /* Info.plist */,
				32B32626199459D700121A50 /* main.m */,
				32DE694E19963272005445DA /* InstagramKit.plist */,
			);
			name = "Supporting Files";
			sourceTree = "<group>";
		};
		32B3263A199459D700121A50 /* InstaMeTests */ = {
			isa = PBXGroup;
			children = (
				32B3263D199459D700121A50 /* InstaMeTests.m */,
				32B3263B199459D700121A50 /* Supporting Files */,
			);
			path = InstaMeTests;
			sourceTree = "<group>";
		};
		32B3263B199459D700121A50 /* Supporting Files */ = {
			isa = PBXGroup;
			children = (
				32B3263C199459D700121A50 /* Info.plist */,
			);
			name = "Supporting Files";
			sourceTree = "<group>";
		};
		32CE90E619972237006EBEF2 /* assets */ = {
			isa = PBXGroup;
			children = (
				32CE90E719972237006EBEF2 /* icon_settings.png */,
				32CE90E91997250F006EBEF2 /* icon_settings_selected.png */,
			);
			path = assets;
			sourceTree = "<group>";
		};
		718A562ECA2F439A8B42CAE3 /* Frameworks */ = {
			isa = PBXGroup;
			children = (
				0703BD23A0E04DF19524BA10 /* libPods.a */,
			);
			name = Frameworks;
			sourceTree = "<group>";
		};
/* End PBXGroup section */

/* Begin PBXNativeTarget section */
		32B32620199459D600121A50 /* InstaMe */ = {
			isa = PBXNativeTarget;
			buildConfigurationList = 32B32641199459D700121A50 /* Build configuration list for PBXNativeTarget "InstaMe" */;
			buildPhases = (
				98EFA5BE65CC4C6E9D2C333F /* Check Pods Manifest.lock */,
				32B3261D199459D600121A50 /* Sources */,
				32B3261E199459D600121A50 /* Frameworks */,
				32B3261F199459D600121A50 /* Resources */,
				C781F28DC9F04BD4B203F2F4 /* Copy Pods Resources */,
			);
			buildRules = (
			);
			dependencies = (
			);
			name = InstaMe;
			productName = InstaMe;
			productReference = 32B32621199459D600121A50 /* InstaMe.app */;
			productType = "com.apple.product-type.application";
		};
		32B32636199459D700121A50 /* InstaMeTests */ = {
			isa = PBXNativeTarget;
			buildConfigurationList = 32B32644199459D700121A50 /* Build configuration list for PBXNativeTarget "InstaMeTests" */;
			buildPhases = (
				32B32633199459D700121A50 /* Sources */,
				32B32634199459D700121A50 /* Frameworks */,
				32B32635199459D700121A50 /* Resources */,
			);
			buildRules = (
			);
			dependencies = (
				32B32639199459D700121A50 /* PBXTargetDependency */,
			);
			name = InstaMeTests;
			productName = InstaMeTests;
			productReference = 32B32637199459D700121A50 /* InstaMeTests.xctest */;
			productType = "com.apple.product-type.bundle.unit-test";
		};
/* End PBXNativeTarget section */

/* Begin PBXProject section */
		32B32619199459D600121A50 /* Project object */ = {
			isa = PBXProject;
			attributes = {
				LastUpgradeCheck = 0600;
				ORGANIZATIONNAME = Ackworx;
				TargetAttributes = {
					32B32620199459D600121A50 = {
						CreatedOnToolsVersion = 6.0;
					};
					32B32636199459D700121A50 = {
						CreatedOnToolsVersion = 6.0;
						TestTargetID = 32B32620199459D600121A50;
					};
				};
			};
			buildConfigurationList = 32B3261C199459D600121A50 /* Build configuration list for PBXProject "InstaMe" */;
			compatibilityVersion = "Xcode 3.2";
			developmentRegion = English;
			hasScannedForEncodings = 0;
			knownRegions = (
				en,
				Base,
			);
			mainGroup = 32B32618199459D600121A50;
			productRefGroup = 32B32622199459D600121A50 /* Products */;
			projectDirPath = "";
			projectRoot = "";
			targets = (
				32B32620199459D600121A50 /* InstaMe */,
				32B32636199459D700121A50 /* InstaMeTests */,
			);
		};
/* End PBXProject section */

/* Begin PBXResourcesBuildPhase section */
		32B3261F199459D600121A50 /* Resources */ = {
			isa = PBXResourcesBuildPhase;
			buildActionMask = 2147483647;
			files = (
				32B32630199459D700121A50 /* Main.storyboard in Resources */,
				32CE90E819972237006EBEF2 /* icon_settings.png in Resources */,
				32CE90EA1997250F006EBEF2 /* icon_settings_selected.png in Resources */,
				32DE694F19963272005445DA /* InstagramKit.plist in Resources */,
				32B32632199459D700121A50 /* Images.xcassets in Resources */,
			);
			runOnlyForDeploymentPostprocessing = 0;
		};
		32B32635199459D700121A50 /* Resources */ = {
			isa = PBXResourcesBuildPhase;
			buildActionMask = 2147483647;
			files = (
			);
			runOnlyForDeploymentPostprocessing = 0;
		};
/* End PBXResourcesBuildPhase section */

/* Begin PBXShellScriptBuildPhase section */
		98EFA5BE65CC4C6E9D2C333F /* Check Pods Manifest.lock */ = {
			isa = PBXShellScriptBuildPhase;
			buildActionMask = 2147483647;
			files = (
			);
			inputPaths = (
			);
			name = "Check Pods Manifest.lock";
			outputPaths = (
			);
			runOnlyForDeploymentPostprocessing = 0;
			shellPath = /bin/sh;
			shellScript = "diff \"${PODS_ROOT}/../Podfile.lock\" \"${PODS_ROOT}/Manifest.lock\" > /dev/null\nif [[ $? != 0 ]] ; then\n    cat << EOM\nerror: The sandbox is not in sync with the Podfile.lock. Run 'pod install' or update your CocoaPods installation.\nEOM\n    exit 1\nfi\n";
			showEnvVarsInLog = 0;
		};
		C781F28DC9F04BD4B203F2F4 /* Copy Pods Resources */ = {
			isa = PBXShellScriptBuildPhase;
			buildActionMask = 2147483647;
			files = (
			);
			inputPaths = (
			);
			name = "Copy Pods Resources";
			outputPaths = (
			);
			runOnlyForDeploymentPostprocessing = 0;
			shellPath = /bin/sh;
			shellScript = "\"${SRCROOT}/Pods/Pods-resources.sh\"\n";
			showEnvVarsInLog = 0;
		};
/* End PBXShellScriptBuildPhase section */

/* Begin PBXSourcesBuildPhase section */
		32B3261D199459D600121A50 /* Sources */ = {
			isa = PBXSourcesBuildPhase;
			buildActionMask = 2147483647;
			files = (
				32A873FD1996737400764F76 /* LoginViewController.m in Sources */,
				32B3262D199459D700121A50 /* ViewController.m in Sources */,
				32822353199683C30052C517 /* Global.m in Sources */,
				32CE90F3199758A3006EBEF2 /* NavigationController.m in Sources */,
				32CE90ED19972B4D006EBEF2 /* SettingsViewController.m in Sources */,
				32B3262A199459D700121A50 /* AppDelegate.m in Sources */,
				32CE90FC199793A7006EBEF2 /* ChangeColumnsViewController.m in Sources */,
				32B32627199459D700121A50 /* main.m in Sources */,
				3282235919969A260052C517 /* GalleryViewController.m in Sources */,
				3282235C1996A97D0052C517 /* PhotoViewCell.m in Sources */,
				32CE90F619975C7B006EBEF2 /* PhotoViewController.m in Sources */,
			);
			runOnlyForDeploymentPostprocessing = 0;
		};
		32B32633199459D700121A50 /* Sources */ = {
			isa = PBXSourcesBuildPhase;
			buildActionMask = 2147483647;
			files = (
				32B3263E199459D700121A50 /* InstaMeTests.m in Sources */,
			);
			runOnlyForDeploymentPostprocessing = 0;
		};
/* End PBXSourcesBuildPhase section */

/* Begin PBXTargetDependency section */
		32B32639199459D700121A50 /* PBXTargetDependency */ = {
			isa = PBXTargetDependency;
			target = 32B32620199459D600121A50 /* InstaMe */;
			targetProxy = 32B32638199459D700121A50 /* PBXContainerItemProxy */;
		};
/* End PBXTargetDependency section */

/* Begin PBXVariantGroup section */
		32B3262E199459D700121A50 /* Main.storyboard */ = {
			isa = PBXVariantGroup;
			children = (
				32B3262F199459D700121A50 /* Base */,
			);
			name = Main.storyboard;
			sourceTree = "<group>";
		};
/* End PBXVariantGroup section */

/* Begin XCBuildConfiguration section */
		32B3263F199459D700121A50 /* Debug */ = {
			isa = XCBuildConfiguration;
			buildSettings = {
				ALWAYS_SEARCH_USER_PATHS = NO;
				CLANG_CXX_LANGUAGE_STANDARD = "gnu++0x";
				CLANG_CXX_LIBRARY = "libc++";
				CLANG_ENABLE_MODULES = YES;
				CLANG_ENABLE_OBJC_ARC = YES;
				CLANG_WARN_BOOL_CONVERSION = YES;
				CLANG_WARN_CONSTANT_CONVERSION = YES;
				CLANG_WARN_DIRECT_OBJC_ISA_USAGE = YES_ERROR;
				CLANG_WARN_EMPTY_BODY = YES;
				CLANG_WARN_ENUM_CONVERSION = YES;
				CLANG_WARN_INT_CONVERSION = YES;
				CLANG_WARN_OBJC_ROOT_CLASS = YES_ERROR;
				CLANG_WARN_UNREACHABLE_CODE = YES;
				CLANG_WARN__DUPLICATE_METHOD_MATCH = YES;
				"CODE_SIGN_IDENTITY[sdk=iphoneos*]" = "iPhone Developer";
				COPY_PHASE_STRIP = NO;
				ENABLE_STRICT_OBJC_MSGSEND = YES;
				GCC_C_LANGUAGE_STANDARD = gnu99;
				GCC_DYNAMIC_NO_PIC = NO;
				GCC_OPTIMIZATION_LEVEL = 0;
				GCC_PREPROCESSOR_DEFINITIONS = (
					"DEBUG=1",
					"$(inherited)",
				);
				GCC_SYMBOLS_PRIVATE_EXTERN = NO;
				GCC_WARN_64_TO_32_BIT_CONVERSION = YES;
				GCC_WARN_ABOUT_RETURN_TYPE = YES_ERROR;
				GCC_WARN_UNDECLARED_SELECTOR = YES;
				GCC_WARN_UNINITIALIZED_AUTOS = YES_AGGRESSIVE;
				GCC_WARN_UNUSED_FUNCTION = YES;
				GCC_WARN_UNUSED_VARIABLE = YES;
				IPHONEOS_DEPLOYMENT_TARGET = 7.0;
				MTL_ENABLE_DEBUG_INFO = YES;
				ONLY_ACTIVE_ARCH = YES;
				SDKROOT = iphoneos;
				TARGETED_DEVICE_FAMILY = "1,2";
			};
			name = Debug;
		};
		32B32640199459D700121A50 /* Release */ = {
			isa = XCBuildConfiguration;
			buildSettings = {
				ALWAYS_SEARCH_USER_PATHS = NO;
				CLANG_CXX_LANGUAGE_STANDARD = "gnu++0x";
				CLANG_CXX_LIBRARY = "libc++";
				CLANG_ENABLE_MODULES = YES;
				CLANG_ENABLE_OBJC_ARC = YES;
				CLANG_WARN_BOOL_CONVERSION = YES;
				CLANG_WARN_CONSTANT_CONVERSION = YES;
				CLANG_WARN_DIRECT_OBJC_ISA_USAGE = YES_ERROR;
				CLANG_WARN_EMPTY_BODY = YES;
				CLANG_WARN_ENUM_CONVERSION = YES;
				CLANG_WARN_INT_CONVERSION = YES;
				CLANG_WARN_OBJC_ROOT_CLASS = YES_ERROR;
				CLANG_WARN_UNREACHABLE_CODE = YES;
				CLANG_WARN__DUPLICATE_METHOD_MATCH = YES;
				"CODE_SIGN_IDENTITY[sdk=iphoneos*]" = "iPhone Developer";
				COPY_PHASE_STRIP = YES;
				ENABLE_NS_ASSERTIONS = NO;
				ENABLE_STRICT_OBJC_MSGSEND = YES;
				GCC_C_LANGUAGE_STANDARD = gnu99;
				GCC_WARN_64_TO_32_BIT_CONVERSION = YES;
				GCC_WARN_ABOUT_RETURN_TYPE = YES_ERROR;
				GCC_WARN_UNDECLARED_SELECTOR = YES;
				GCC_WARN_UNINITIALIZED_AUTOS = YES_AGGRESSIVE;
				GCC_WARN_UNUSED_FUNCTION = YES;
				GCC_WARN_UNUSED_VARIABLE = YES;
				IPHONEOS_DEPLOYMENT_TARGET = 7.0;
				MTL_ENABLE_DEBUG_INFO = NO;
				SDKROOT = iphoneos;
				TARGETED_DEVICE_FAMILY = "1,2";
				VALIDATE_PRODUCT = YES;
			};
			name = Release;
		};
		32B32642199459D700121A50 /* Debug */ = {
			isa = XCBuildConfiguration;
			baseConfigurationReference = E7DA7A9E3DA04C75AC707E8B /* Pods.xcconfig */;
			buildSettings = {
				ASSETCATALOG_COMPILER_APPICON_NAME = AppIcon;
				ASSETCATALOG_COMPILER_LAUNCHIMAGE_NAME = LaunchImage;
				INFOPLIST_FILE = InstaMe/Info.plist;
				IPHONEOS_DEPLOYMENT_TARGET = 7.0;
				LD_RUNPATH_SEARCH_PATHS = "$(inherited) @executable_path/Frameworks";
				PRODUCT_NAME = "$(TARGET_NAME)";
			};
			name = Debug;
		};
		32B32643199459D700121A50 /* Release */ = {
			isa = XCBuildConfiguration;
			baseConfigurationReference = E7DA7A9E3DA04C75AC707E8B /* Pods.xcconfig */;
			buildSettings = {
				ASSETCATALOG_COMPILER_APPICON_NAME = AppIcon;
				ASSETCATALOG_COMPILER_LAUNCHIMAGE_NAME = LaunchImage;
				INFOPLIST_FILE = InstaMe/Info.plist;
				IPHONEOS_DEPLOYMENT_TARGET = 7.0;
				LD_RUNPATH_SEARCH_PATHS = "$(inherited) @executable_path/Frameworks";
				PRODUCT_NAME = "$(TARGET_NAME)";
			};
			name = Release;
		};
		32B32645199459D700121A50 /* Debug */ = {
			isa = XCBuildConfiguration;
			buildSettings = {
				BUNDLE_LOADER = "$(BUILT_PRODUCTS_DIR)/InstaMe.app/InstaMe";
				FRAMEWORK_SEARCH_PATHS = (
					"$(SDKROOT)/Developer/Library/Frameworks",
					"$(inherited)",
				);
				GCC_PREPROCESSOR_DEFINITIONS = (
					"DEBUG=1",
					"$(inherited)",
				);
				INFOPLIST_FILE = InstaMeTests/Info.plist;
				LD_RUNPATH_SEARCH_PATHS = "$(inherited) @executable_path/Frameworks @loader_path/Frameworks";
				PRODUCT_NAME = "$(TARGET_NAME)";
				TEST_HOST = "$(BUNDLE_LOADER)";
			};
			name = Debug;
		};
		32B32646199459D700121A50 /* Release */ = {
			isa = XCBuildConfiguration;
			buildSettings = {
				BUNDLE_LOADER = "$(BUILT_PRODUCTS_DIR)/InstaMe.app/InstaMe";
				FRAMEWORK_SEARCH_PATHS = (
					"$(SDKROOT)/Developer/Library/Frameworks",
					"$(inherited)",
				);
				INFOPLIST_FILE = InstaMeTests/Info.plist;
				LD_RUNPATH_SEARCH_PATHS = "$(inherited) @executable_path/Frameworks @loader_path/Frameworks";
				PRODUCT_NAME = "$(TARGET_NAME)";
				TEST_HOST = "$(BUNDLE_LOADER)";
			};
			name = Release;
		};
/* End XCBuildConfiguration section */

/* Begin XCConfigurationList section */
		32B3261C199459D600121A50 /* Build configuration list for PBXProject "InstaMe" */ = {
			isa = XCConfigurationList;
			buildConfigurations = (
				32B3263F199459D700121A50 /* Debug */,
				32B32640199459D700121A50 /* Release */,
			);
			defaultConfigurationIsVisible = 0;
			defaultConfigurationName = Release;
		};
		32B32641199459D700121A50 /* Build configuration list for PBXNativeTarget "InstaMe" */ = {
			isa = XCConfigurationList;
			buildConfigurations = (
				32B32642199459D700121A50 /* Debug */,
				32B32643199459D700121A50 /* Release */,
			);
			defaultConfigurationIsVisible = 0;
			defaultConfigurationName = Release;
		};
		32B32644199459D700121A50 /* Build configuration list for PBXNativeTarget "InstaMeTests" */ = {
			isa = XCConfigurationList;
			buildConfigurations = (
				32B32645199459D700121A50 /* Debug */,
				32B32646199459D700121A50 /* Release */,
			);
			defaultConfigurationIsVisible = 0;
			defaultConfigurationName = Release;
		};
/* End XCConfigurationList section */
	};
	rootObject = 32B32619199459D600121A50 /* Project object */;
}
